
Microsoft Visual Studio Solution File, Format Version 12.00
# Visual Studio 2012
Project("{FAE04EC0-301F-11D3-BF4B-00C04F79EFBC}") = "MiningMonitor.Android", "MiningMonitor.Android\MiningMonitor.Android.csproj", "{A3E06061-CD42-4105-81CB-E8BE5FA3AF3C}"
EndProject
Project("{FAE04EC0-301F-11D3-BF4B-00C04F79EFBC}") = "MiningMonitor.iOS", "MiningMonitor.iOS\MiningMonitor.iOS.csproj", "{B7D949D1-7219-49D4-AC13-30AC5D361C23}"
EndProject
Project("{FAE04EC0-301F-11D3-BF4B-00C04F79EFBC}") = "MiningMonitor", "MiningMonitor\MiningMonitor.csproj", "{C817B595-0070-4BAE-9E20-06D8EEABE15C}"
EndProject
Global
	GlobalSection(SolutionConfigurationPlatforms) = preSolution
		Debug|Any CPU = Debug|Any CPU
		Release|Any CPU = Release|Any CPU
		Debug|iPhoneSimulator = Debug|iPhoneSimulator
		Release|iPhoneSimulator = Release|iPhoneSimulator
		Debug|iPhone = Debug|iPhone
		Release|iPhone = Release|iPhone
		Ad-Hoc|iPhone = Ad-Hoc|iPhone
		AppStore|iPhone = AppStore|iPhone
	EndGlobalSection
	GlobalSection(ProjectConfigurationPlatforms) = postSolution
		{A3E06061-CD42-4105-81CB-E8BE5FA3AF3C}.Debug|Any CPU.ActiveCfg = Debug|Any CPU
		{A3E06061-CD42-4105-81CB-E8BE5FA3AF3C}.Debug|Any CPU.Build.0 = Debug|Any CPU
		{A3E06061-CD42-4105-81CB-E8BE5FA3AF3C}.Release|Any CPU.ActiveCfg = Release|Any CPU
		{A3E06061-CD42-4105-81CB-E8BE5FA3AF3C}.Release|Any CPU.Build.0 = Release|Any CPU
		{A3E06061-CD42-4105-81CB-E8BE5FA3AF3C}.Debug|iPhoneSimulator.ActiveCfg = Debug|Any CPU
		{A3E06061-CD42-4105-81CB-E8BE5FA3AF3C}.Debug|iPhoneSimulator.Build.0 = Debug|Any CPU
		{A3E06061-CD42-4105-81CB-E8BE5FA3AF3C}.Release|iPhoneSimulator.ActiveCfg = Release|Any CPU
		{A3E06061-CD42-4105-81CB-E8BE5FA3AF3C}.Release|iPhoneSimulator.Build.0 = Release|Any CPU
		{A3E06061-CD42-4105-81CB-E8BE5FA3AF3C}.Debug|iPhone.ActiveCfg = Debug|Any CPU
		{A3E06061-CD42-4105-81CB-E8BE5FA3AF3C}.Debug|iPhone.Build.0 = Debug|Any CPU
		{A3E06061-CD42-4105-81CB-E8BE5FA3AF3C}.Release|iPhone.ActiveCfg = Release|Any CPU
		{A3E06061-CD42-4105-81CB-E8BE5FA3AF3C}.Release|iPhone.Build.0 = Release|Any CPU
		{A3E06061-CD42-4105-81CB-E8BE5FA3AF3C}.Ad-Hoc|iPhone.ActiveCfg = Debug|Any CPU
		{A3E06061-CD42-4105-81CB-E8BE5FA3AF3C}.Ad-Hoc|iPhone.Build.0 = Debug|Any CPU
		{A3E06061-CD42-4105-81CB-E8BE5FA3AF3C}.AppStore|iPhone.ActiveCfg = Debug|Any CPU
		{A3E06061-CD42-4105-81CB-E8BE5FA3AF3C}.AppStore|iPhone.Build.0 = Debug|Any CPU
		{B7D949D1-7219-49D4-AC13-30AC5D361C23}.Debug|Any CPU.ActiveCfg = Debug|iPhoneSimulator
		{B7D949D1-7219-49D4-AC13-30AC5D361C23}.Debug|Any CPU.Build.0 = Debug|iPhoneSimulator
		{B7D949D1-7219-49D4-AC13-30AC5D361C23}.Release|Any CPU.ActiveCfg = Release|iPhoneSimulator
		{B7D949D1-7219-49D4-AC13-30AC5D361C23}.Release|Any CPU.Build.0 = Release|iPhoneSimulator
		{B7D949D1-7219-49D4-AC13-30AC5D361C23}.Debug|iPhoneSimulator.ActiveCfg = Debug|iPhoneSimulator
		{B7D949D1-7219-49D4-AC13-30AC5D361C23}.Debug|iPhoneSimulator.Build.0 = Debug|iPhoneSimulator
		{B7D949D1-7219-49D4-AC13-30AC5D361C23}.Release|iPhoneSimulator.ActiveCfg = Release|iPhoneSimulator
		{B7D949D1-7219-49D4-AC13-30AC5D361C23}.Release|iPhoneSimulator.Build.0 = Release|iPhoneSimulator
		{B7D949D1-7219-49D4-AC13-30AC5D361C23}.Debug|iPhone.ActiveCfg = Debug|iPhone
		{B7D949D1-7219-49D4-AC13-30AC5D361C23}.Debug|iPhone.Build.0 = Debug|iPhone
		{B7D949D1-7219-49D4-AC13-30AC5D361C23}.Release|iPhone.ActiveCfg = Release|iPhone
		{B7D949D1-7219-49D4-AC13-30AC5D361C23}.Release|iPhone.Build.0 = Release|iPhone
		{B7D949D1-7219-49D4-AC13-30AC5D361C23}.Ad-Hoc|iPhone.ActiveCfg = Ad-Hoc|iPhone
		{B7D949D1-7219-49D4-AC13-30AC5D361C23}.Ad-Hoc|iPhone.Build.0 = Ad-Hoc|iPhone
		{B7D949D1-7219-49D4-AC13-30AC5D361C23}.AppStore|iPhone.ActiveCfg = AppStore|iPhone
		{B7D949D1-7219-49D4-AC13-30AC5D361C23}.AppStore|iPhone.Build.0 = AppStore|iPhone
		{C817B595-0070-4BAE-9E20-06D8EEABE15C}.Debug|Any CPU.ActiveCfg = Debug|Any CPU
		{C817B595-0070-4BAE-9E20-06D8EEABE15C}.Debug|Any CPU.Build.0 = Debug|Any CPU
		{C817B595-0070-4BAE-9E20-06D8EEABE15C}.Release|Any CPU.ActiveCfg = Release|Any CPU
		{C817B595-0070-4BAE-9E20-06D8EEABE15C}.Release|Any CPU.Build.0 = Release|Any CPU
		{C817B595-0070-4BAE-9E20-06D8EEABE15C}.Debug|iPhoneSimulator.ActiveCfg = Debug|Any CPU
		{C817B595-0070-4BAE-9E20-06D8EEABE15C}.Debug|iPhoneSimulator.Build.0 = Debug|Any CPU
		{C817B595-0070-4BAE-9E20-06D8EEABE15C}.Release|iPhoneSimulator.ActiveCfg = Release|Any CPU
		{C817B595-0070-4BAE-9E20-06D8EEABE15C}.Release|iPhoneSimulator.Build.0 = Release|Any CPU
		{C817B595-0070-4BAE-9E20-06D8EEABE15C}.Debug|iPhone.ActiveCfg = Debug|Any CPU
		{C817B595-0070-4BAE-9E20-06D8EEABE15C}.Debug|iPhone.Build.0 = Debug|Any CPU
		{C817B595-0070-4BAE-9E20-06D8EEABE15C}.Release|iPhone.ActiveCfg = Release|Any CPU
		{C817B595-0070-4BAE-9E20-06D8EEABE15C}.Release|iPhone.Build.0 = Release|Any CPU
		{C817B595-0070-4BAE-9E20-06D8EEABE15C}.Ad-Hoc|iPhone.ActiveCfg = Debug|Any CPU
		{C817B595-0070-4BAE-9E20-06D8EEABE15C}.Ad-Hoc|iPhone.Build.0 = Debug|Any CPU
		{C817B595-0070-4BAE-9E20-06D8EEABE15C}.AppStore|iPhone.ActiveCfg = Debug|Any CPU
		{C817B595-0070-4BAE-9E20-06D8EEABE15C}.AppStore|iPhone.Build.0 = Debug|Any CPU
	EndGlobalSection
EndGlobal
