Microsoft Visual Studio Solution File, Format Version 12.00
# Visual Studio 15
VisualStudioVersion = 15.0.27428.2015
MinimumVisualStudioVersion = 10.0.40219.1
Project("{FAE04EC0-301F-11D3-BF4B-00C04F79EFBC}") = "MiningMonitor.Android", "MiningMonitor.Android\MiningMonitor.Android.csproj", "{A3E06061-CD42-4105-81CB-E8BE5FA3AF3C}"
EndProject
Project("{FAE04EC0-301F-11D3-BF4B-00C04F79EFBC}") = "MiningMonitor.iOS", "MiningMonitor.iOS\MiningMonitor.iOS.csproj", "{B7D949D1-7219-49D4-AC13-30AC5D361C23}"
EndProject
Project("{9A19103F-16F7-4668-BE54-9A1E7A4F7556}") = "MiningMonitor", "MiningMonitor\MiningMonitor.csproj", "{C817B595-0070-4BAE-9E20-06D8EEABE15C}"
EndProject
Global
	GlobalSection(SolutionConfigurationPlatforms) = preSolution
		Ad-Hoc|Any CPU = Ad-Hoc|Any CPU
		Ad-Hoc|iPhone = Ad-Hoc|iPhone
		Ad-Hoc|iPhoneSimulator = Ad-Hoc|iPhoneSimulator
		Ad-Hoc|x86 = Ad-Hoc|x86
		AppStore|Any CPU = AppStore|Any CPU
		AppStore|iPhone = AppStore|iPhone
		AppStore|iPhoneSimulator = AppStore|iPhoneSimulator
		AppStore|x86 = AppStore|x86
		Debug|Any CPU = Debug|Any CPU
		Debug|iPhone = Debug|iPhone
		Debug|iPhoneSimulator = Debug|iPhoneSimulator
		Debug|x86 = Debug|x86
		Release|Any CPU = Release|Any CPU
		Release|iPhone = Release|iPhone
		Release|iPhoneSimulator = Release|iPhoneSimulator
		Release|x86 = Release|x86
	EndGlobalSection
	GlobalSection(ProjectConfigurationPlatforms) = postSolution
		{A3E06061-CD42-4105-81CB-E8BE5FA3AF3C}.Ad-Hoc|Any CPU.ActiveCfg = Release|Any CPU
		{A3E06061-CD42-4105-81CB-E8BE5FA3AF3C}.Ad-Hoc|Any CPU.Build.0 = Release|Any CPU
		{A3E06061-CD42-4105-81CB-E8BE5FA3AF3C}.Ad-Hoc|Any CPU.Deploy.0 = Release|Any CPU
		{A3E06061-CD42-4105-81CB-E8BE5FA3AF3C}.Ad-Hoc|iPhone.ActiveCfg = Debug|Any CPU
		{A3E06061-CD42-4105-81CB-E8BE5FA3AF3C}.Ad-Hoc|iPhone.Build.0 = Debug|Any CPU
		{A3E06061-CD42-4105-81CB-E8BE5FA3AF3C}.Ad-Hoc|iPhoneSimulator.ActiveCfg = Release|Any CPU
		{A3E06061-CD42-4105-81CB-E8BE5FA3AF3C}.Ad-Hoc|iPhoneSimulator.Build.0 = Release|Any CPU
		{A3E06061-CD42-4105-81CB-E8BE5FA3AF3C}.Ad-Hoc|iPhoneSimulator.Deploy.0 = Release|Any CPU
		{A3E06061-CD42-4105-81CB-E8BE5FA3AF3C}.Ad-Hoc|x86.ActiveCfg = Release|x86
		{A3E06061-CD42-4105-81CB-E8BE5FA3AF3C}.Ad-Hoc|x86.Build.0 = Release|x86
		{A3E06061-CD42-4105-81CB-E8BE5FA3AF3C}.Ad-Hoc|x86.Deploy.0 = Release|x86
		{A3E06061-CD42-4105-81CB-E8BE5FA3AF3C}.AppStore|Any CPU.ActiveCfg = Release|Any CPU
		{A3E06061-CD42-4105-81CB-E8BE5FA3AF3C}.AppStore|Any CPU.Build.0 = Release|Any CPU
		{A3E06061-CD42-4105-81CB-E8BE5FA3AF3C}.AppStore|Any CPU.Deploy.0 = Release|Any CPU
		{A3E06061-CD42-4105-81CB-E8BE5FA3AF3C}.AppStore|iPhone.ActiveCfg = Debug|Any CPU
		{A3E06061-CD42-4105-81CB-E8BE5FA3AF3C}.AppStore|iPhone.Build.0 = Debug|Any CPU
		{A3E06061-CD42-4105-81CB-E8BE5FA3AF3C}.AppStore|iPhoneSimulator.ActiveCfg = Release|Any CPU
		{A3E06061-CD42-4105-81CB-E8BE5FA3AF3C}.AppStore|iPhoneSimulator.Build.0 = Release|Any CPU
		{A3E06061-CD42-4105-81CB-E8BE5FA3AF3C}.AppStore|iPhoneSimulator.Deploy.0 = Release|Any CPU
		{A3E06061-CD42-4105-81CB-E8BE5FA3AF3C}.AppStore|x86.ActiveCfg = Release|x86
		{A3E06061-CD42-4105-81CB-E8BE5FA3AF3C}.AppStore|x86.Build.0 = Release|x86
		{A3E06061-CD42-4105-81CB-E8BE5FA3AF3C}.AppStore|x86.Deploy.0 = Release|x86
		{A3E06061-CD42-4105-81CB-E8BE5FA3AF3C}.Debug|Any CPU.ActiveCfg = Debug|Any CPU
		{A3E06061-CD42-4105-81CB-E8BE5FA3AF3C}.Debug|Any CPU.Build.0 = Debug|Any CPU
		{A3E06061-CD42-4105-81CB-E8BE5FA3AF3C}.Debug|Any CPU.Deploy.0 = Debug|Any CPU
		{A3E06061-CD42-4105-81CB-E8BE5FA3AF3C}.Debug|iPhone.ActiveCfg = Debug|Any CPU
		{A3E06061-CD42-4105-81CB-E8BE5FA3AF3C}.Debug|iPhone.Build.0 = Debug|Any CPU
		{A3E06061-CD42-4105-81CB-E8BE5FA3AF3C}.Debug|iPhoneSimulator.ActiveCfg = Debug|Any CPU
		{A3E06061-CD42-4105-81CB-E8BE5FA3AF3C}.Debug|iPhoneSimulator.Build.0 = Debug|Any CPU
		{A3E06061-CD42-4105-81CB-E8BE5FA3AF3C}.Debug|x86.ActiveCfg = Debug|x86
		{A3E06061-CD42-4105-81CB-E8BE5FA3AF3C}.Debug|x86.Build.0 = Debug|x86
		{A3E06061-CD42-4105-81CB-E8BE5FA3AF3C}.Debug|x86.Deploy.0 = Debug|x86
		{A3E06061-CD42-4105-81CB-E8BE5FA3AF3C}.Release|Any CPU.ActiveCfg = Release|Any CPU
		{A3E06061-CD42-4105-81CB-E8BE5FA3AF3C}.Release|Any CPU.Build.0 = Release|Any CPU
		{A3E06061-CD42-4105-81CB-E8BE5FA3AF3C}.Release|iPhone.ActiveCfg = Release|Any CPU
		{A3E06061-CD42-4105-81CB-E8BE5FA3AF3C}.Release|iPhone.Build.0 = Release|Any CPU
		{A3E06061-CD42-4105-81CB-E8BE5FA3AF3C}.Release|iPhoneSimulator.ActiveCfg = Release|Any CPU
		{A3E06061-CD42-4105-81CB-E8BE5FA3AF3C}.Release|iPhoneSimulator.Build.0 = Release|Any CPU
		{A3E06061-CD42-4105-81CB-E8BE5FA3AF3C}.Release|x86.ActiveCfg = Release|x86
		{A3E06061-CD42-4105-81CB-E8BE5FA3AF3C}.Release|x86.Build.0 = Release|x86
		{A3E06061-CD42-4105-81CB-E8BE5FA3AF3C}.Release|x86.Deploy.0 = Release|x86
		{B7D949D1-7219-49D4-AC13-30AC5D361C23}.Ad-Hoc|Any CPU.ActiveCfg = Ad-Hoc|iPhoneSimulator
		{B7D949D1-7219-49D4-AC13-30AC5D361C23}.Ad-Hoc|iPhone.ActiveCfg = Ad-Hoc|iPhone
		{B7D949D1-7219-49D4-AC13-30AC5D361C23}.Ad-Hoc|iPhone.Build.0 = Ad-Hoc|iPhone
		{B7D949D1-7219-49D4-AC13-30AC5D361C23}.Ad-Hoc|iPhoneSimulator.ActiveCfg = Ad-Hoc|iPhoneSimulator
		{B7D949D1-7219-49D4-AC13-30AC5D361C23}.Ad-Hoc|iPhoneSimulator.Build.0 = Ad-Hoc|iPhoneSimulator
		{B7D949D1-7219-49D4-AC13-30AC5D361C23}.Ad-Hoc|x86.ActiveCfg = Ad-Hoc|x86
		{B7D949D1-7219-49D4-AC13-30AC5D361C23}.Ad-Hoc|x86.Build.0 = Ad-Hoc|x86
		{B7D949D1-7219-49D4-AC13-30AC5D361C23}.AppStore|Any CPU.ActiveCfg = AppStore|iPhoneSimulator
		{B7D949D1-7219-49D4-AC13-30AC5D361C23}.AppStore|iPhone.ActiveCfg = AppStore|iPhone
		{B7D949D1-7219-49D4-AC13-30AC5D361C23}.AppStore|iPhone.Build.0 = AppStore|iPhone
		{B7D949D1-7219-49D4-AC13-30AC5D361C23}.AppStore|iPhoneSimulator.ActiveCfg = AppStore|iPhoneSimulator
		{B7D949D1-7219-49D4-AC13-30AC5D361C23}.AppStore|iPhoneSimulator.Build.0 = AppStore|iPhoneSimulator
		{B7D949D1-7219-49D4-AC13-30AC5D361C23}.AppStore|x86.ActiveCfg = AppStore|x86
		{B7D949D1-7219-49D4-AC13-30AC5D361C23}.AppStore|x86.Build.0 = AppStore|x86
		{B7D949D1-7219-49D4-AC13-30AC5D361C23}.Debug|Any CPU.ActiveCfg = Debug|iPhoneSimulator
		{B7D949D1-7219-49D4-AC13-30AC5D361C23}.Debug|Any CPU.Build.0 = Debug|iPhoneSimulator
		{B7D949D1-7219-49D4-AC13-30AC5D361C23}.Debug|iPhone.ActiveCfg = Debug|iPhone
		{B7D949D1-7219-49D4-AC13-30AC5D361C23}.Debug|iPhone.Build.0 = Debug|iPhone
		{B7D949D1-7219-49D4-AC13-30AC5D361C23}.Debug|iPhoneSimulator.ActiveCfg = Debug|iPhoneSimulator
		{B7D949D1-7219-49D4-AC13-30AC5D361C23}.Debug|iPhoneSimulator.Build.0 = Debug|iPhoneSimulator
		{B7D949D1-7219-49D4-AC13-30AC5D361C23}.Debug|x86.ActiveCfg = Debug|x86
		{B7D949D1-7219-49D4-AC13-30AC5D361C23}.Debug|x86.Build.0 = Debug|x86
		{B7D949D1-7219-49D4-AC13-30AC5D361C23}.Release|Any CPU.ActiveCfg = Release|iPhoneSimulator
		{B7D949D1-7219-49D4-AC13-30AC5D361C23}.Release|Any CPU.Build.0 = Release|iPhoneSimulator
		{B7D949D1-7219-49D4-AC13-30AC5D361C23}.Release|iPhone.ActiveCfg = Release|iPhone
		{B7D949D1-7219-49D4-AC13-30AC5D361C23}.Release|iPhone.Build.0 = Release|iPhone
		{B7D949D1-7219-49D4-AC13-30AC5D361C23}.Release|iPhoneSimulator.ActiveCfg = Release|iPhoneSimulator
		{B7D949D1-7219-49D4-AC13-30AC5D361C23}.Release|iPhoneSimulator.Build.0 = Release|iPhoneSimulator
		{B7D949D1-7219-49D4-AC13-30AC5D361C23}.Release|x86.ActiveCfg = Release|x86
		{B7D949D1-7219-49D4-AC13-30AC5D361C23}.Release|x86.Build.0 = Release|x86
		{C817B595-0070-4BAE-9E20-06D8EEABE15C}.Ad-Hoc|Any CPU.ActiveCfg = Release|Any CPU
		{C817B595-0070-4BAE-9E20-06D8EEABE15C}.Ad-Hoc|Any CPU.Build.0 = Release|Any CPU
		{C817B595-0070-4BAE-9E20-06D8EEABE15C}.Ad-Hoc|iPhone.ActiveCfg = Debug|Any CPU
		{C817B595-0070-4BAE-9E20-06D8EEABE15C}.Ad-Hoc|iPhone.Build.0 = Debug|Any CPU
		{C817B595-0070-4BAE-9E20-06D8EEABE15C}.Ad-Hoc|iPhoneSimulator.ActiveCfg = Release|Any CPU
		{C817B595-0070-4BAE-9E20-06D8EEABE15C}.Ad-Hoc|iPhoneSimulator.Build.0 = Release|Any CPU
		{C817B595-0070-4BAE-9E20-06D8EEABE15C}.Ad-Hoc|x86.ActiveCfg = Release|x86
		{C817B595-0070-4BAE-9E20-06D8EEABE15C}.Ad-Hoc|x86.Build.0 = Release|x86
		{C817B595-0070-4BAE-9E20-06D8EEABE15C}.AppStore|Any CPU.ActiveCfg = Release|Any CPU
		{C817B595-0070-4BAE-9E20-06D8EEABE15C}.AppStore|Any CPU.Build.0 = Release|Any CPU
		{C817B595-0070-4BAE-9E20-06D8EEABE15C}.AppStore|iPhone.ActiveCfg = Debug|Any CPU
		{C817B595-0070-4BAE-9E20-06D8EEABE15C}.AppStore|iPhone.Build.0 = Debug|Any CPU
		{C817B595-0070-4BAE-9E20-06D8EEABE15C}.AppStore|iPhoneSimulator.ActiveCfg = Release|Any CPU
		{C817B595-0070-4BAE-9E20-06D8EEABE15C}.AppStore|iPhoneSimulator.Build.0 = Release|Any CPU
		{C817B595-0070-4BAE-9E20-06D8EEABE15C}.AppStore|x86.ActiveCfg = Release|x86
		{C817B595-0070-4BAE-9E20-06D8EEABE15C}.AppStore|x86.Build.0 = Release|x86
		{C817B595-0070-4BAE-9E20-06D8EEABE15C}.Debug|Any CPU.ActiveCfg = Debug|Any CPU
		{C817B595-0070-4BAE-9E20-06D8EEABE15C}.Debug|Any CPU.Build.0 = Debug|Any CPU
		{C817B595-0070-4BAE-9E20-06D8EEABE15C}.Debug|iPhone.ActiveCfg = Debug|Any CPU
		{C817B595-0070-4BAE-9E20-06D8EEABE15C}.Debug|iPhone.Build.0 = Debug|Any CPU
		{C817B595-0070-4BAE-9E20-06D8EEABE15C}.Debug|iPhoneSimulator.ActiveCfg = Debug|Any CPU
		{C817B595-0070-4BAE-9E20-06D8EEABE15C}.Debug|iPhoneSimulator.Build.0 = Debug|Any CPU
		{C817B595-0070-4BAE-9E20-06D8EEABE15C}.Debug|x86.ActiveCfg = Debug|x86
		{C817B595-0070-4BAE-9E20-06D8EEABE15C}.Debug|x86.Build.0 = Debug|x86
		{C817B595-0070-4BAE-9E20-06D8EEABE15C}.Release|Any CPU.ActiveCfg = Release|Any CPU
		{C817B595-0070-4BAE-9E20-06D8EEABE15C}.Release|Any CPU.Build.0 = Release|Any CPU
		{C817B595-0070-4BAE-9E20-06D8EEABE15C}.Release|iPhone.ActiveCfg = Release|Any CPU
		{C817B595-0070-4BAE-9E20-06D8EEABE15C}.Release|iPhone.Build.0 = Release|Any CPU
		{C817B595-0070-4BAE-9E20-06D8EEABE15C}.Release|iPhoneSimulator.ActiveCfg = Release|Any CPU
		{C817B595-0070-4BAE-9E20-06D8EEABE15C}.Release|iPhoneSimulator.Build.0 = Release|Any CPU
		{C817B595-0070-4BAE-9E20-06D8EEABE15C}.Release|x86.ActiveCfg = Release|x86
		{C817B595-0070-4BAE-9E20-06D8EEABE15C}.Release|x86.Build.0 = Release|x86
	EndGlobalSection
	GlobalSection(SolutionProperties) = preSolution
		HideSolutionNode = FALSE
	EndGlobalSection
	GlobalSection(ExtensibilityGlobals) = postSolution
		SolutionGuid = {4CD29AA5-73FA-45DE-93EB-18F5D453C29B}
	EndGlobalSection
EndGlobal
